
Microsoft Visual Studio Solution File, Format Version 12.00
# Visual Studio 15
VisualStudioVersion = 15.0.28010.2003
MinimumVisualStudioVersion = 10.0.40219.1
Project("{FAE04EC0-301F-11D3-BF4B-00C04F79EFBC}") = "Read First Line", "Read First Line\Read First Line.csproj", "{89BB564D-8857-4C02-90F7-1F9329D18D55}"
EndProject
Project("{FAE04EC0-301F-11D3-BF4B-00C04F79EFBC}") = "read third line", "read third line\read third line.csproj", "{0521FD43-5B4C-4301-B2B2-0C053CB6A611}"
EndProject
Project("{FAE04EC0-301F-11D3-BF4B-00C04F79EFBC}") = "all_lines", "all_lines\all_lines.csproj", "{7E67744E-25F0-4B82-8F39-5688767BEEB4}"
EndProject
Project("{FAE04EC0-301F-11D3-BF4B-00C04F79EFBC}") = "temps", "temps\temps.csproj", "{E4A2B6A5-FD59-417B-A508-6494DDF6BF8A}"
EndProject
Project("{FAE04EC0-301F-11D3-BF4B-00C04F79EFBC}") = "temps2", "temps2\temps2.csproj", "{997377E6-14CB-4F01-81D1-DCEAECDEEBD1}"
EndProject
Global
	GlobalSection(SolutionConfigurationPlatforms) = preSolution
		Debug|Any CPU = Debug|Any CPU
		Release|Any CPU = Release|Any CPU
	EndGlobalSection
	GlobalSection(ProjectConfigurationPlatforms) = postSolution
		{89BB564D-8857-4C02-90F7-1F9329D18D55}.Debug|Any CPU.ActiveCfg = Debug|Any CPU
		{89BB564D-8857-4C02-90F7-1F9329D18D55}.Debug|Any CPU.Build.0 = Debug|Any CPU
		{89BB564D-8857-4C02-90F7-1F9329D18D55}.Release|Any CPU.ActiveCfg = Release|Any CPU
		{89BB564D-8857-4C02-90F7-1F9329D18D55}.Release|Any CPU.Build.0 = Release|Any CPU
		{0521FD43-5B4C-4301-B2B2-0C053CB6A611}.Debug|Any CPU.ActiveCfg = Debug|Any CPU
		{0521FD43-5B4C-4301-B2B2-0C053CB6A611}.Debug|Any CPU.Build.0 = Debug|Any CPU
		{0521FD43-5B4C-4301-B2B2-0C053CB6A611}.Release|Any CPU.ActiveCfg = Release|Any CPU
		{0521FD43-5B4C-4301-B2B2-0C053CB6A611}.Release|Any CPU.Build.0 = Release|Any CPU
		{7E67744E-25F0-4B82-8F39-5688767BEEB4}.Debug|Any CPU.ActiveCfg = Debug|Any CPU
		{7E67744E-25F0-4B82-8F39-5688767BEEB4}.Debug|Any CPU.Build.0 = Debug|Any CPU
		{7E67744E-25F0-4B82-8F39-5688767BEEB4}.Release|Any CPU.ActiveCfg = Release|Any CPU
		{7E67744E-25F0-4B82-8F39-5688767BEEB4}.Release|Any CPU.Build.0 = Release|Any CPU
		{E4A2B6A5-FD59-417B-A508-6494DDF6BF8A}.Debug|Any CPU.ActiveCfg = Debug|Any CPU
		{E4A2B6A5-FD59-417B-A508-6494DDF6BF8A}.Debug|Any CPU.Build.0 = Debug|Any CPU
		{E4A2B6A5-FD59-417B-A508-6494DDF6BF8A}.Release|Any CPU.ActiveCfg = Release|Any CPU
		{E4A2B6A5-FD59-417B-A508-6494DDF6BF8A}.Release|Any CPU.Build.0 = Release|Any CPU
		{997377E6-14CB-4F01-81D1-DCEAECDEEBD1}.Debug|Any CPU.ActiveCfg = Debug|Any CPU
		{997377E6-14CB-4F01-81D1-DCEAECDEEBD1}.Debug|Any CPU.Build.0 = Debug|Any CPU
		{997377E6-14CB-4F01-81D1-DCEAECDEEBD1}.Release|Any CPU.ActiveCfg = Release|Any CPU
		{997377E6-14CB-4F01-81D1-DCEAECDEEBD1}.Release|Any CPU.Build.0 = Release|Any CPU
	EndGlobalSection
	GlobalSection(SolutionProperties) = preSolution
		HideSolutionNode = FALSE
	EndGlobalSection
	GlobalSection(ExtensibilityGlobals) = postSolution
		SolutionGuid = {B8701F57-0615-44F1-ADBE-AB303BA47ECA}
	EndGlobalSection
EndGlobal
